github.com/gorilla/websocket v1.4.2 h1:+/TMaTYc4QFitKJxsQ7Yye35DkWvkdLcvGKqM+x0Ufc=
github.com/gorilla/websocket v1.4.2/go.mod h1:YR8l580nyteQvAITg2hZ9XVh4b55+EU/adAjf1fMHhE=
github.com/mb0/diff v0.0.0-20131118162322-d8d9a906c24d h1:eAS2t2Vy+6psf9LZ4T5WXWsbkBt3Tu5PWekJy5AGyEU=
github.com/mb0/diff v0.0.0-20131118162322-d8d9a906c24d/go.mod h1:3YMHqrw2Qu3Liy82v4QdAG17e9k91HZ7w3hqlpWqhDo=
xelf.org/xelf v0.0.0-20210815160750-74f347db9fb0 h1:uoElFrVZEVGPkzGL6cuRYtaiy8hCAzrALqkB5BfAvHk=
xelf.org/xelf v0.0.0-20210815160750-74f347db9fb0/go.mod h1:bm1EiA9l29A9LLR52rFbxjDjFcW+60JU0UOQn+Tm9EA=
